// !$*UTF8*$!
{
	archiveVersion = 1;
	classes = {
	};
	objectVersion = 55;
	objects = {

/* Begin PBXBuildFile section */
		8911693D28DB2E4200EA0574 /* Billabong.ttf in Resources */ = {isa = PBXBuildFile; fileRef = 8911693C28DB2E3B00EA0574 /* Billabong.ttf */; };
		8937755428DB398200177990 /* Localizable.strings in Resources */ = {isa = PBXBuildFile; fileRef = 8937755628DB398200177990 /* Localizable.strings */; };
		8937757928DBA00F00177990 /* User.swift in Sources */ = {isa = PBXBuildFile; fileRef = 8937757828DBA00F00177990 /* User.swift */; };
		8937757C28DBA08100177990 /* SessionStore.swift in Sources */ = {isa = PBXBuildFile; fileRef = 8937757B28DBA08100177990 /* SessionStore.swift */; };
		8937758128DBA1D400177990 /* HomeScreen.swift in Sources */ = {isa = PBXBuildFile; fileRef = 8937758028DBA1D400177990 /* HomeScreen.swift */; };
		8937758828DBA37D00177990 /* HomeFeedScreen.swift in Sources */ = {isa = PBXBuildFile; fileRef = 8937758728DBA37D00177990 /* HomeFeedScreen.swift */; };
		8937758A28DBA39100177990 /* HomeSearchScreen.swift in Sources */ = {isa = PBXBuildFile; fileRef = 8937758928DBA39100177990 /* HomeSearchScreen.swift */; };
		8937758C28DBA3A900177990 /* HomeUploadScreen.swift in Sources */ = {isa = PBXBuildFile; fileRef = 8937758B28DBA3A900177990 /* HomeUploadScreen.swift */; };
		8937758E28DBA3BB00177990 /* HomeLikesScreen.swift in Sources */ = {isa = PBXBuildFile; fileRef = 8937758D28DBA3BB00177990 /* HomeLikesScreen.swift */; };
		8937759028DBA3CF00177990 /* HomeProfileScreen.swift in Sources */ = {isa = PBXBuildFile; fileRef = 8937758F28DBA3CF00177990 /* HomeProfileScreen.swift */; };
		8937759328DBAE6400177990 /* Coordinator.swift in Sources */ = {isa = PBXBuildFile; fileRef = 8937759228DBAE6400177990 /* Coordinator.swift */; };
		8937759628DBAF8300177990 /* ImagePickeView.swift in Sources */ = {isa = PBXBuildFile; fileRef = 8937759528DBAF8300177990 /* ImagePickeView.swift */; };
		8976D63728DAF2C200443DD5 /* ios_myinstaApp.swift in Sources */ = {isa = PBXBuildFile; fileRef = 8976D63628DAF2C200443DD5 /* ios_myinstaApp.swift */; };
		8976D63B28DAF2C400443DD5 /* Assets.xcassets in Resources */ = {isa = PBXBuildFile; fileRef = 8976D63A28DAF2C400443DD5 /* Assets.xcassets */; };
		8976D63E28DAF2C400443DD5 /* Preview Assets.xcassets in Resources */ = {isa = PBXBuildFile; fileRef = 8976D63D28DAF2C400443DD5 /* Preview Assets.xcassets */; };
		8976D64028DAF2C400443DD5 /* Persistence.swift in Sources */ = {isa = PBXBuildFile; fileRef = 8976D63F28DAF2C400443DD5 /* Persistence.swift */; };
		8976D64328DAF2C400443DD5 /* ios_myinsta.xcdatamodeld in Sources */ = {isa = PBXBuildFile; fileRef = 8976D64128DAF2C400443DD5 /* ios_myinsta.xcdatamodeld */; };
		8976D64E28DAF37800443DD5 /* StartScreen.swift in Sources */ = {isa = PBXBuildFile; fileRef = 8976D64D28DAF37800443DD5 /* StartScreen.swift */; };
		8976D65228DAF3B300443DD5 /* SignInScreen.swift in Sources */ = {isa = PBXBuildFile; fileRef = 8976D65128DAF3B300443DD5 /* SignInScreen.swift */; };
		8976D65428DAF40E00443DD5 /* Utils.swift in Sources */ = {isa = PBXBuildFile; fileRef = 8976D65328DAF40E00443DD5 /* Utils.swift */; };
		8976D65628DB03DF00443DD5 /* SignUpScreen.swift in Sources */ = {isa = PBXBuildFile; fileRef = 8976D65528DB03DF00443DD5 /* SignUpScreen.swift */; };
		89FDCEB828DC579B00485F01 /* LikesViewModel.swift in Sources */ = {isa = PBXBuildFile; fileRef = 89FDCEB728DC579B00485F01 /* LikesViewModel.swift */; };
		89FDCEBB28DC57E200485F01 /* Post.swift in Sources */ = {isa = PBXBuildFile; fileRef = 89FDCEBA28DC57E200485F01 /* Post.swift */; };
		89FDCEBD28DC58B100485F01 /* HomeViewModel.swift in Sources */ = {isa = PBXBuildFile; fileRef = 89FDCEBC28DC58B100485F01 /* HomeViewModel.swift */; };
		89FDCEC128DC592600485F01 /* ItemHomePost.swift in Sources */ = {isa = PBXBuildFile; fileRef = 89FDCEC028DC592600485F01 /* ItemHomePost.swift */; };
		ED3D97F1007504B78D679B55 /* Pods_ios_myinsta.framework in Frameworks */ = {isa = PBXBuildFile; fileRef = 064F2B1C27F6C9915FC1CFDC /* Pods_ios_myinsta.framework */; };
/* End PBXBuildFile section */

/* Begin PBXFileReference section */
		064F2B1C27F6C9915FC1CFDC /* Pods_ios_myinsta.framework */ = {isa = PBXFileReference; explicitFileType = wrapper.framework; includeInIndex = 0; path = Pods_ios_myinsta.framework; sourceTree = BUILT_PRODUCTS_DIR; };
		09B625617F333CFE5FD65614 /* Pods-ios-myinsta.release.xcconfig */ = {isa = PBXFileReference; includeInIndex = 1; lastKnownFileType = text.xcconfig; name = "Pods-ios-myinsta.release.xcconfig"; path = "Target Support Files/Pods-ios-myinsta/Pods-ios-myinsta.release.xcconfig"; sourceTree = "<group>"; };
		193CCDE4546A6F8B42C9A97D /* Pods-ios-myinsta.debug.xcconfig */ = {isa = PBXFileReference; includeInIndex = 1; lastKnownFileType = text.xcconfig; name = "Pods-ios-myinsta.debug.xcconfig"; path = "Target Support Files/Pods-ios-myinsta/Pods-ios-myinsta.debug.xcconfig"; sourceTree = "<group>"; };
		8911693C28DB2E3B00EA0574 /* Billabong.ttf */ = {isa = PBXFileReference; lastKnownFileType = file; path = Billabong.ttf; sourceTree = "<group>"; };
		8911693E28DB2E5D00EA0574 /* Info.plist */ = {isa = PBXFileReference; lastKnownFileType = text.plist.xml; path = Info.plist; sourceTree = "<group>"; };
		8937755528DB398200177990 /* en */ = {isa = PBXFileReference; lastKnownFileType = text.plist.strings; name = en; path = en.lproj/Localizable.strings; sourceTree = "<group>"; };
		8937757828DBA00F00177990 /* User.swift */ = {isa = PBXFileReference; lastKnownFileType = sourcecode.swift; path = User.swift; sourceTree = "<group>"; };
		8937757B28DBA08100177990 /* SessionStore.swift */ = {isa = PBXFileReference; lastKnownFileType = sourcecode.swift; path = SessionStore.swift; sourceTree = "<group>"; };
		8937758028DBA1D400177990 /* HomeScreen.swift */ = {isa = PBXFileReference; lastKnownFileType = sourcecode.swift; path = HomeScreen.swift; sourceTree = "<group>"; };
		8937758728DBA37D00177990 /* HomeFeedScreen.swift */ = {isa = PBXFileReference; lastKnownFileType = sourcecode.swift; path = HomeFeedScreen.swift; sourceTree = "<group>"; };
		8937758928DBA39100177990 /* HomeSearchScreen.swift */ = {isa = PBXFileReference; lastKnownFileType = sourcecode.swift; path = HomeSearchScreen.swift; sourceTree = "<group>"; };
		8937758B28DBA3A900177990 /* HomeUploadScreen.swift */ = {isa = PBXFileReference; lastKnownFileType = sourcecode.swift; path = HomeUploadScreen.swift; sourceTree = "<group>"; };
		8937758D28DBA3BB00177990 /* HomeLikesScreen.swift */ = {isa = PBXFileReference; lastKnownFileType = sourcecode.swift; path = HomeLikesScreen.swift; sourceTree = "<group>"; };
		8937758F28DBA3CF00177990 /* HomeProfileScreen.swift */ = {isa = PBXFileReference; lastKnownFileType = sourcecode.swift; path = HomeProfileScreen.swift; sourceTree = "<group>"; };
		8937759228DBAE6400177990 /* Coordinator.swift */ = {isa = PBXFileReference; lastKnownFileType = sourcecode.swift; path = Coordinator.swift; sourceTree = "<group>"; };
		8937759528DBAF8300177990 /* ImagePickeView.swift */ = {isa = PBXFileReference; lastKnownFileType = sourcecode.swift; path = ImagePickeView.swift; sourceTree = "<group>"; };
		8976D63328DAF2C200443DD5 /* ios-myinsta.app */ = {isa = PBXFileReference; explicitFileType = wrapper.application; includeInIndex = 0; path = "ios-myinsta.app"; sourceTree = BUILT_PRODUCTS_DIR; };
		8976D63628DAF2C200443DD5 /* ios_myinstaApp.swift */ = {isa = PBXFileReference; lastKnownFileType = sourcecode.swift; path = ios_myinstaApp.swift; sourceTree = "<group>"; };
		8976D63A28DAF2C400443DD5 /* Assets.xcassets */ = {isa = PBXFileReference; lastKnownFileType = folder.assetcatalog; path = Assets.xcassets; sourceTree = "<group>"; };
		8976D63D28DAF2C400443DD5 /* Preview Assets.xcassets */ = {isa = PBXFileReference; lastKnownFileType = folder.assetcatalog; path = "Preview Assets.xcassets"; sourceTree = "<group>"; };
		8976D63F28DAF2C400443DD5 /* Persistence.swift */ = {isa = PBXFileReference; lastKnownFileType = sourcecode.swift; path = Persistence.swift; sourceTree = "<group>"; };
		8976D64228DAF2C400443DD5 /* ios_myinsta.xcdatamodel */ = {isa = PBXFileReference; lastKnownFileType = wrapper.xcdatamodel; path = ios_myinsta.xcdatamodel; sourceTree = "<group>"; };
		8976D64D28DAF37800443DD5 /* StartScreen.swift */ = {isa = PBXFileReference; lastKnownFileType = sourcecode.swift; path = StartScreen.swift; sourceTree = "<group>"; };
		8976D65128DAF3B300443DD5 /* SignInScreen.swift */ = {isa = PBXFileReference; lastKnownFileType = sourcecode.swift; path = SignInScreen.swift; sourceTree = "<group>"; };
		8976D65328DAF40E00443DD5 /* Utils.swift */ = {isa = PBXFileReference; lastKnownFileType = sourcecode.swift; path = Utils.swift; sourceTree = "<group>"; };
		8976D65528DB03DF00443DD5 /* SignUpScreen.swift */ = {isa = PBXFileReference; lastKnownFileType = sourcecode.swift; path = SignUpScreen.swift; sourceTree = "<group>"; };
		89FDCEB728DC579B00485F01 /* LikesViewModel.swift */ = {isa = PBXFileReference; lastKnownFileType = sourcecode.swift; path = LikesViewModel.swift; sourceTree = "<group>"; };
		89FDCEBA28DC57E200485F01 /* Post.swift */ = {isa = PBXFileReference; lastKnownFileType = sourcecode.swift; path = Post.swift; sourceTree = "<group>"; };
		89FDCEBC28DC58B100485F01 /* HomeViewModel.swift */ = {isa = PBXFileReference; lastKnownFileType = sourcecode.swift; path = HomeViewModel.swift; sourceTree = "<group>"; };
		89FDCEC028DC592600485F01 /* ItemHomePost.swift */ = {isa = PBXFileReference; lastKnownFileType = sourcecode.swift; path = ItemHomePost.swift; sourceTree = "<group>"; };
/* End PBXFileReference section */

/* Begin PBXFrameworksBuildPhase section */
		8976D63028DAF2C200443DD5 /* Frameworks */ = {
			isa = PBXFrameworksBuildPhase;
			buildActionMask = 2147483647;
			files = (
				ED3D97F1007504B78D679B55 /* Pods_ios_myinsta.framework in Frameworks */,
			);
			runOnlyForDeploymentPostprocessing = 0;
		};
/* End PBXFrameworksBuildPhase section */

/* Begin PBXGroup section */
		4655ED54E72DCD1A1C9FF531 /* Frameworks */ = {
			isa = PBXGroup;
			children = (
				064F2B1C27F6C9915FC1CFDC /* Pods_ios_myinsta.framework */,
			);
			name = Frameworks;
			sourceTree = "<group>";
		};
		8937757528DB9FB700177990 /* models */ = {
			isa = PBXGroup;
			children = (
				89FDCEB928DC57D800485F01 /* post */,
				8937757728DB9FCA00177990 /* user */,
			);
			path = models;
			sourceTree = "<group>";
		};
		8937757628DB9FBD00177990 /* service */ = {
			isa = PBXGroup;
			children = (
				8937757A28DBA07100177990 /* sessionStore */,
			);
			path = service;
			sourceTree = "<group>";
		};
		8937757728DB9FCA00177990 /* user */ = {
			isa = PBXGroup;
			children = (
				8937757828DBA00F00177990 /* User.swift */,
			);
			path = user;
			sourceTree = "<group>";
		};
		8937757A28DBA07100177990 /* sessionStore */ = {
			isa = PBXGroup;
			children = (
				8937757B28DBA08100177990 /* SessionStore.swift */,
			);
			path = sessionStore;
			sourceTree = "<group>";
		};
		8937757D28DBA1AC00177990 /* homeScreen */ = {
			isa = PBXGroup;
			children = (
				8937758628DBA35700177990 /* homeProfileScreen */,
				8937758528DBA34900177990 /* homeLikesScreen */,
				8937758428DBA34100177990 /* homeUploadScreen */,
				8937758328DBA33900177990 /* homeSearchScreen */,
				8937758228DBA33100177990 /* homeFeedScreen */,
				8937758028DBA1D400177990 /* HomeScreen.swift */,
			);
			path = homeScreen;
			sourceTree = "<group>";
		};
		8937758228DBA33100177990 /* homeFeedScreen */ = {
			isa = PBXGroup;
			children = (
				8937758728DBA37D00177990 /* HomeFeedScreen.swift */,
			);
			path = homeFeedScreen;
			sourceTree = "<group>";
		};
		8937758328DBA33900177990 /* homeSearchScreen */ = {
			isa = PBXGroup;
			children = (
				8937758928DBA39100177990 /* HomeSearchScreen.swift */,
			);
			path = homeSearchScreen;
			sourceTree = "<group>";
		};
		8937758428DBA34100177990 /* homeUploadScreen */ = {
			isa = PBXGroup;
			children = (
				8937758B28DBA3A900177990 /* HomeUploadScreen.swift */,
			);
			path = homeUploadScreen;
			sourceTree = "<group>";
		};
		8937758528DBA34900177990 /* homeLikesScreen */ = {
			isa = PBXGroup;
			children = (
				8937758D28DBA3BB00177990 /* HomeLikesScreen.swift */,
			);
			path = homeLikesScreen;
			sourceTree = "<group>";
		};
		8937758628DBA35700177990 /* homeProfileScreen */ = {
			isa = PBXGroup;
			children = (
				8937758F28DBA3CF00177990 /* HomeProfileScreen.swift */,
			);
			path = homeProfileScreen;
			sourceTree = "<group>";
		};
		8937759128DBAE5400177990 /* coorDinator */ = {
			isa = PBXGroup;
			children = (
				8937759228DBAE6400177990 /* Coordinator.swift */,
			);
			path = coorDinator;
			sourceTree = "<group>";
		};
		8937759428DBAF7700177990 /* imagePickeView */ = {
			isa = PBXGroup;
			children = (
				8937759528DBAF8300177990 /* ImagePickeView.swift */,
			);
			path = imagePickeView;
			sourceTree = "<group>";
		};
		8976D62A28DAF2C200443DD5 = {
			isa = PBXGroup;
			children = (
				8937755628DB398200177990 /* Localizable.strings */,
				8976D63528DAF2C200443DD5 /* ios-myinsta */,
				8976D63428DAF2C200443DD5 /* Products */,
				B468A42BE33D9961D80BD4C1 /* Pods */,
				4655ED54E72DCD1A1C9FF531 /* Frameworks */,
			);
			sourceTree = "<group>";
		};
		8976D63428DAF2C200443DD5 /* Products */ = {
			isa = PBXGroup;
			children = (
				8976D63328DAF2C200443DD5 /* ios-myinsta.app */,
			);
			name = Products;
			sourceTree = "<group>";
		};
		8976D63528DAF2C200443DD5 /* ios-myinsta */ = {
			isa = PBXGroup;
			children = (
				89FDCEBE28DC590F00485F01 /* items */,
				89FDCEB428DC577F00485F01 /* viewModel */,
				8937757628DB9FBD00177990 /* service */,
				8937757528DB9FB700177990 /* models */,
				8911693E28DB2E5D00EA0574 /* Info.plist */,
				8976D64A28DAF32E00443DD5 /* utils */,
				8976D64928DAF32700443DD5 /* screens */,
				8976D64B28DAF33400443DD5 /* appUtil */,
				8976D64128DAF2C400443DD5 /* ios_myinsta.xcdatamodeld */,
				8976D63C28DAF2C400443DD5 /* Preview Content */,
			);
			path = "ios-myinsta";
			sourceTree = "<group>";
		};
		8976D63C28DAF2C400443DD5 /* Preview Content */ = {
			isa = PBXGroup;
			children = (
				8976D63D28DAF2C400443DD5 /* Preview Assets.xcassets */,
			);
			path = "Preview Content";
			sourceTree = "<group>";
		};
		8976D64928DAF32700443DD5 /* screens */ = {
			isa = PBXGroup;
			children = (
				8937757D28DBA1AC00177990 /* homeScreen */,
				8976D65028DAF39A00443DD5 /* signUpScreen */,
				8976D64F28DAF38F00443DD5 /* signInScreen */,
				8976D64C28DAF36700443DD5 /* startScreen */,
			);
			path = screens;
			sourceTree = "<group>";
		};
		8976D64A28DAF32E00443DD5 /* utils */ = {
			isa = PBXGroup;
			children = (
				8937759428DBAF7700177990 /* imagePickeView */,
				8937759128DBAE5400177990 /* coorDinator */,
				8976D65328DAF40E00443DD5 /* Utils.swift */,
			);
			path = utils;
			sourceTree = "<group>";
		};
		8976D64B28DAF33400443DD5 /* appUtil */ = {
			isa = PBXGroup;
			children = (
				8911693C28DB2E3B00EA0574 /* Billabong.ttf */,
				8976D63628DAF2C200443DD5 /* ios_myinstaApp.swift */,
				8976D63F28DAF2C400443DD5 /* Persistence.swift */,
				8976D63A28DAF2C400443DD5 /* Assets.xcassets */,
			);
			path = appUtil;
			sourceTree = "<group>";
		};
		8976D64C28DAF36700443DD5 /* startScreen */ = {
			isa = PBXGroup;
			children = (
				8976D64D28DAF37800443DD5 /* StartScreen.swift */,
			);
			path = startScreen;
			sourceTree = "<group>";
		};
		8976D64F28DAF38F00443DD5 /* signInScreen */ = {
			isa = PBXGroup;
			children = (
				8976D65128DAF3B300443DD5 /* SignInScreen.swift */,
			);
			path = signInScreen;
			sourceTree = "<group>";
		};
		8976D65028DAF39A00443DD5 /* signUpScreen */ = {
			isa = PBXGroup;
			children = (
				8976D65528DB03DF00443DD5 /* SignUpScreen.swift */,
			);
			path = signUpScreen;
			sourceTree = "<group>";
		};
		89FDCEB428DC577F00485F01 /* viewModel */ = {
			isa = PBXGroup;
			children = (
				89FDCEB628DC579000485F01 /* likesViewModel */,
				89FDCEB528DC578800485F01 /* homeViewModel */,
			);
			path = viewModel;
			sourceTree = "<group>";
		};
		89FDCEB528DC578800485F01 /* homeViewModel */ = {
			isa = PBXGroup;
			children = (
				89FDCEBC28DC58B100485F01 /* HomeViewModel.swift */,
			);
			path = homeViewModel;
			sourceTree = "<group>";
		};
		89FDCEB628DC579000485F01 /* likesViewModel */ = {
			isa = PBXGroup;
			children = (
				89FDCEB728DC579B00485F01 /* LikesViewModel.swift */,
			);
			path = likesViewModel;
			sourceTree = "<group>";
		};
		89FDCEB928DC57D800485F01 /* post */ = {
			isa = PBXGroup;
			children = (
				89FDCEBA28DC57E200485F01 /* Post.swift */,
			);
			path = post;
			sourceTree = "<group>";
		};
		89FDCEBE28DC590F00485F01 /* items */ = {
			isa = PBXGroup;
			children = (
				89FDCEBF28DC591500485F01 /* itemHomePost */,
			);
			path = items;
			sourceTree = "<group>";
		};
		89FDCEBF28DC591500485F01 /* itemHomePost */ = {
			isa = PBXGroup;
			children = (
				89FDCEC028DC592600485F01 /* ItemHomePost.swift */,
			);
			path = itemHomePost;
			sourceTree = "<group>";
		};
		B468A42BE33D9961D80BD4C1 /* Pods */ = {
			isa = PBXGroup;
			children = (
				193CCDE4546A6F8B42C9A97D /* Pods-ios-myinsta.debug.xcconfig */,
				09B625617F333CFE5FD65614 /* Pods-ios-myinsta.release.xcconfig */,
			);
			name = Pods;
			path = Pods;
			sourceTree = "<group>";
		};
/* End PBXGroup section */

/* Begin PBXNativeTarget section */
		8976D63228DAF2C200443DD5 /* ios-myinsta */ = {
			isa = PBXNativeTarget;
			buildConfigurationList = 8976D64628DAF2C400443DD5 /* Build configuration list for PBXNativeTarget "ios-myinsta" */;
			buildPhases = (
				51E8262B111FFC0C77960825 /* [CP] Check Pods Manifest.lock */,
				8976D62F28DAF2C200443DD5 /* Sources */,
				8976D63028DAF2C200443DD5 /* Frameworks */,
				8976D63128DAF2C200443DD5 /* Resources */,
				07F3C95869F8A154518A025F /* [CP] Embed Pods Frameworks */,
			);
			buildRules = (
			);
			dependencies = (
			);
			name = "ios-myinsta";
			productName = "ios-myinsta";
			productReference = 8976D63328DAF2C200443DD5 /* ios-myinsta.app */;
			productType = "com.apple.product-type.application";
		};
/* End PBXNativeTarget section */

/* Begin PBXProject section */
		8976D62B28DAF2C200443DD5 /* Project object */ = {
			isa = PBXProject;
			attributes = {
				BuildIndependentTargetsInParallel = 1;
				LastSwiftUpdateCheck = 1340;
				LastUpgradeCheck = 1340;
				TargetAttributes = {
					8976D63228DAF2C200443DD5 = {
						CreatedOnToolsVersion = 13.4.1;
					};
				};
			};
			buildConfigurationList = 8976D62E28DAF2C200443DD5 /* Build configuration list for PBXProject "ios-myinsta" */;
			compatibilityVersion = "Xcode 13.0";
			developmentRegion = en;
			hasScannedForEncodings = 0;
			knownRegions = (
				en,
				Base,
			);
			mainGroup = 8976D62A28DAF2C200443DD5;
			productRefGroup = 8976D63428DAF2C200443DD5 /* Products */;
			projectDirPath = "";
			projectRoot = "";
			targets = (
				8976D63228DAF2C200443DD5 /* ios-myinsta */,
			);
		};
/* End PBXProject section */

/* Begin PBXResourcesBuildPhase section */
		8976D63128DAF2C200443DD5 /* Resources */ = {
			isa = PBXResourcesBuildPhase;
			buildActionMask = 2147483647;
			files = (
				8911693D28DB2E4200EA0574 /* Billabong.ttf in Resources */,
				8937755428DB398200177990 /* Localizable.strings in Resources */,
				8976D63E28DAF2C400443DD5 /* Preview Assets.xcassets in Resources */,
				8976D63B28DAF2C400443DD5 /* Assets.xcassets in Resources */,
			);
			runOnlyForDeploymentPostprocessing = 0;
		};
/* End PBXResourcesBuildPhase section */

/* Begin PBXShellScriptBuildPhase section */
		07F3C95869F8A154518A025F /* [CP] Embed Pods Frameworks */ = {
			isa = PBXShellScriptBuildPhase;
			buildActionMask = 2147483647;
			files = (
			);
			inputFileListPaths = (
				"${PODS_ROOT}/Target Support Files/Pods-ios-myinsta/Pods-ios-myinsta-frameworks-${CONFIGURATION}-input-files.xcfilelist",
			);
			name = "[CP] Embed Pods Frameworks";
			outputFileListPaths = (
				"${PODS_ROOT}/Target Support Files/Pods-ios-myinsta/Pods-ios-myinsta-frameworks-${CONFIGURATION}-output-files.xcfilelist",
			);
			runOnlyForDeploymentPostprocessing = 0;
			shellPath = /bin/sh;
			shellScript = "\"${PODS_ROOT}/Target Support Files/Pods-ios-myinsta/Pods-ios-myinsta-frameworks.sh\"\n";
			showEnvVarsInLog = 0;
		};
		51E8262B111FFC0C77960825 /* [CP] Check Pods Manifest.lock */ = {
			isa = PBXShellScriptBuildPhase;
			buildActionMask = 2147483647;
			files = (
			);
			inputFileListPaths = (
			);
			inputPaths = (
				"${PODS_PODFILE_DIR_PATH}/Podfile.lock",
				"${PODS_ROOT}/Manifest.lock",
			);
			name = "[CP] Check Pods Manifest.lock";
			outputFileListPaths = (
			);
			outputPaths = (
				"$(DERIVED_FILE_DIR)/Pods-ios-myinsta-checkManifestLockResult.txt",
			);
			runOnlyForDeploymentPostprocessing = 0;
			shellPath = /bin/sh;
			shellScript = "diff \"${PODS_PODFILE_DIR_PATH}/Podfile.lock\" \"${PODS_ROOT}/Manifest.lock\" > /dev/null\nif [ $? != 0 ] ; then\n    # print error to STDERR\n    echo \"error: The sandbox is not in sync with the Podfile.lock. Run 'pod install' or update your CocoaPods installation.\" >&2\n    exit 1\nfi\n# This output is used by Xcode 'outputs' to avoid re-running this script phase.\necho \"SUCCESS\" > \"${SCRIPT_OUTPUT_FILE_0}\"\n";
			showEnvVarsInLog = 0;
		};
/* End PBXShellScriptBuildPhase section */

/* Begin PBXSourcesBuildPhase section */
		8976D62F28DAF2C200443DD5 /* Sources */ = {
			isa = PBXSourcesBuildPhase;
			buildActionMask = 2147483647;
			files = (
				8937759328DBAE6400177990 /* Coordinator.swift in Sources */,
				8937758A28DBA39100177990 /* HomeSearchScreen.swift in Sources */,
				8976D64028DAF2C400443DD5 /* Persistence.swift in Sources */,
				89FDCEBD28DC58B100485F01 /* HomeViewModel.swift in Sources */,
				8937759028DBA3CF00177990 /* HomeProfileScreen.swift in Sources */,
				8976D65228DAF3B300443DD5 /* SignInScreen.swift in Sources */,
				8976D65628DB03DF00443DD5 /* SignUpScreen.swift in Sources */,
				8976D63728DAF2C200443DD5 /* ios_myinstaApp.swift in Sources */,
				8937757928DBA00F00177990 /* User.swift in Sources */,
				8937759628DBAF8300177990 /* ImagePickeView.swift in Sources */,
				8937757C28DBA08100177990 /* SessionStore.swift in Sources */,
				89FDCEC128DC592600485F01 /* ItemHomePost.swift in Sources */,
				8937758E28DBA3BB00177990 /* HomeLikesScreen.swift in Sources */,
				8937758128DBA1D400177990 /* HomeScreen.swift in Sources */,
				8976D64E28DAF37800443DD5 /* StartScreen.swift in Sources */,
				8976D64328DAF2C400443DD5 /* ios_myinsta.xcdatamodeld in Sources */,
				8976D65428DAF40E00443DD5 /* Utils.swift in Sources */,
				8937758C28DBA3A900177990 /* HomeUploadScreen.swift in Sources */,
				89FDCEBB28DC57E200485F01 /* Post.swift in Sources */,
				8937758828DBA37D00177990 /* HomeFeedScreen.swift in Sources */,
				89FDCEB828DC579B00485F01 /* LikesViewModel.swift in Sources */,
			);
			runOnlyForDeploymentPostprocessing = 0;
		};
/* End PBXSourcesBuildPhase section */

/* Begin PBXVariantGroup section */
		8937755628DB398200177990 /* Localizable.strings */ = {
			isa = PBXVariantGroup;
			children = (
				8937755528DB398200177990 /* en */,
			);
			name = Localizable.strings;
			sourceTree = "<group>";
		};
/* End PBXVariantGroup section */

/* Begin XCBuildConfiguration section */
		8976D64428DAF2C400443DD5 /* Debug */ = {
			isa = XCBuildConfiguration;
			buildSettings = {
				ALWAYS_SEARCH_USER_PATHS = NO;
				CLANG_ANALYZER_NONNULL = YES;
				CLANG_ANALYZER_NUMBER_OBJECT_CONVERSION = YES_AGGRESSIVE;
				CLANG_CXX_LANGUAGE_STANDARD = "gnu++17";
				CLANG_ENABLE_MODULES = YES;
				CLANG_ENABLE_OBJC_ARC = YES;
				CLANG_ENABLE_OBJC_WEAK = YES;
				CLANG_WARN_BLOCK_CAPTURE_AUTORELEASING = YES;
				CLANG_WARN_BOOL_CONVERSION = YES;
				CLANG_WARN_COMMA = YES;
				CLANG_WARN_CONSTANT_CONVERSION = YES;
				CLANG_WARN_DEPRECATED_OBJC_IMPLEMENTATIONS = YES;
				CLANG_WARN_DIRECT_OBJC_ISA_USAGE = YES_ERROR;
				CLANG_WARN_DOCUMENTATION_COMMENTS = YES;
				CLANG_WARN_EMPTY_BODY = YES;
				CLANG_WARN_ENUM_CONVERSION = YES;
				CLANG_WARN_INFINITE_RECURSION = YES;
				CLANG_WARN_INT_CONVERSION = YES;
				CLANG_WARN_NON_LITERAL_NULL_CONVERSION = YES;
				CLANG_WARN_OBJC_IMPLICIT_RETAIN_SELF = YES;
				CLANG_WARN_OBJC_LITERAL_CONVERSION = YES;
				CLANG_WARN_OBJC_ROOT_CLASS = YES_ERROR;
				CLANG_WARN_QUOTED_INCLUDE_IN_FRAMEWORK_HEADER = YES;
				CLANG_WARN_RANGE_LOOP_ANALYSIS = YES;
				CLANG_WARN_STRICT_PROTOTYPES = YES;
				CLANG_WARN_SUSPICIOUS_MOVE = YES;
				CLANG_WARN_UNGUARDED_AVAILABILITY = YES_AGGRESSIVE;
				CLANG_WARN_UNREACHABLE_CODE = YES;
				CLANG_WARN__DUPLICATE_METHOD_MATCH = YES;
				COPY_PHASE_STRIP = NO;
				DEBUG_INFORMATION_FORMAT = dwarf;
				ENABLE_STRICT_OBJC_MSGSEND = YES;
				ENABLE_TESTABILITY = YES;
				GCC_C_LANGUAGE_STANDARD = gnu11;
				GCC_DYNAMIC_NO_PIC = NO;
				GCC_NO_COMMON_BLOCKS = YES;
				GCC_OPTIMIZATION_LEVEL = 0;
				GCC_PREPROCESSOR_DEFINITIONS = (
					"DEBUG=1",
					"$(inherited)",
				);
				GCC_WARN_64_TO_32_BIT_CONVERSION = YES;
				GCC_WARN_ABOUT_RETURN_TYPE = YES_ERROR;
				GCC_WARN_UNDECLARED_SELECTOR = YES;
				GCC_WARN_UNINITIALIZED_AUTOS = YES_AGGRESSIVE;
				GCC_WARN_UNUSED_FUNCTION = YES;
				GCC_WARN_UNUSED_VARIABLE = YES;
				IPHONEOS_DEPLOYMENT_TARGET = 15.5;
				MTL_ENABLE_DEBUG_INFO = INCLUDE_SOURCE;
				MTL_FAST_MATH = YES;
				ONLY_ACTIVE_ARCH = YES;
				SDKROOT = iphoneos;
				SWIFT_ACTIVE_COMPILATION_CONDITIONS = DEBUG;
				SWIFT_OPTIMIZATION_LEVEL = "-Onone";
			};
			name = Debug;
		};
		8976D64528DAF2C400443DD5 /* Release */ = {
			isa = XCBuildConfiguration;
			buildSettings = {
				ALWAYS_SEARCH_USER_PATHS = NO;
				CLANG_ANALYZER_NONNULL = YES;
				CLANG_ANALYZER_NUMBER_OBJECT_CONVERSION = YES_AGGRESSIVE;
				CLANG_CXX_LANGUAGE_STANDARD = "gnu++17";
				CLANG_ENABLE_MODULES = YES;
				CLANG_ENABLE_OBJC_ARC = YES;
				CLANG_ENABLE_OBJC_WEAK = YES;
				CLANG_WARN_BLOCK_CAPTURE_AUTORELEASING = YES;
				CLANG_WARN_BOOL_CONVERSION = YES;
				CLANG_WARN_COMMA = YES;
				CLANG_WARN_CONSTANT_CONVERSION = YES;
				CLANG_WARN_DEPRECATED_OBJC_IMPLEMENTATIONS = YES;
				CLANG_WARN_DIRECT_OBJC_ISA_USAGE = YES_ERROR;
				CLANG_WARN_DOCUMENTATION_COMMENTS = YES;
				CLANG_WARN_EMPTY_BODY = YES;
				CLANG_WARN_ENUM_CONVERSION = YES;
				CLANG_WARN_INFINITE_RECURSION = YES;
				CLANG_WARN_INT_CONVERSION = YES;
				CLANG_WARN_NON_LITERAL_NULL_CONVERSION = YES;
				CLANG_WARN_OBJC_IMPLICIT_RETAIN_SELF = YES;
				CLANG_WARN_OBJC_LITERAL_CONVERSION = YES;
				CLANG_WARN_OBJC_ROOT_CLASS = YES_ERROR;
				CLANG_WARN_QUOTED_INCLUDE_IN_FRAMEWORK_HEADER = YES;
				CLANG_WARN_RANGE_LOOP_ANALYSIS = YES;
				CLANG_WARN_STRICT_PROTOTYPES = YES;
				CLANG_WARN_SUSPICIOUS_MOVE = YES;
				CLANG_WARN_UNGUARDED_AVAILABILITY = YES_AGGRESSIVE;
				CLANG_WARN_UNREACHABLE_CODE = YES;
				CLANG_WARN__DUPLICATE_METHOD_MATCH = YES;
				COPY_PHASE_STRIP = NO;
				DEBUG_INFORMATION_FORMAT = "dwarf-with-dsym";
				ENABLE_NS_ASSERTIONS = NO;
				ENABLE_STRICT_OBJC_MSGSEND = YES;
				GCC_C_LANGUAGE_STANDARD = gnu11;
				GCC_NO_COMMON_BLOCKS = YES;
				GCC_WARN_64_TO_32_BIT_CONVERSION = YES;
				GCC_WARN_ABOUT_RETURN_TYPE = YES_ERROR;
				GCC_WARN_UNDECLARED_SELECTOR = YES;
				GCC_WARN_UNINITIALIZED_AUTOS = YES_AGGRESSIVE;
				GCC_WARN_UNUSED_FUNCTION = YES;
				GCC_WARN_UNUSED_VARIABLE = YES;
				IPHONEOS_DEPLOYMENT_TARGET = 15.5;
				MTL_ENABLE_DEBUG_INFO = NO;
				MTL_FAST_MATH = YES;
				SDKROOT = iphoneos;
				SWIFT_COMPILATION_MODE = wholemodule;
				SWIFT_OPTIMIZATION_LEVEL = "-O";
				VALIDATE_PRODUCT = YES;
			};
			name = Release;
		};
		8976D64728DAF2C400443DD5 /* Debug */ = {
			isa = XCBuildConfiguration;
			baseConfigurationReference = 193CCDE4546A6F8B42C9A97D /* Pods-ios-myinsta.debug.xcconfig */;
			buildSettings = {
				ASSETCATALOG_COMPILER_APPICON_NAME = AppIcon;
				ASSETCATALOG_COMPILER_GLOBAL_ACCENT_COLOR_NAME = AccentColor;
				CODE_SIGN_STYLE = Automatic;
				CURRENT_PROJECT_VERSION = 1;
				DEVELOPMENT_ASSET_PATHS = "\"ios-myinsta/Preview Content\"";
				DEVELOPMENT_TEAM = 9PFY368N59;
				ENABLE_PREVIEWS = YES;
				GENERATE_INFOPLIST_FILE = YES;
				INFOPLIST_FILE = "ios-myinsta/Info.plist";
				INFOPLIST_KEY_NSCalendarsUsageDescription = "Get Camera image in upload srver document";
				INFOPLIST_KEY_NSPhotoLibraryAddUsageDescription = "Get Camera image in upload srver document";
				INFOPLIST_KEY_UIApplicationSceneManifest_Generation = YES;
				INFOPLIST_KEY_UIApplicationSupportsIndirectInputEvents = YES;
				INFOPLIST_KEY_UILaunchScreen_Generation = YES;
				INFOPLIST_KEY_UISupportedInterfaceOrientations_iPad = "UIInterfaceOrientationPortrait UIInterfaceOrientationPortraitUpsideDown UIInterfaceOrientationLandscapeLeft UIInterfaceOrientationLandscapeRight";
				INFOPLIST_KEY_UISupportedInterfaceOrientations_iPhone = "UIInterfaceOrientationPortrait UIInterfaceOrientationLandscapeLeft UIInterfaceOrientationLandscapeRight";
				LD_RUNPATH_SEARCH_PATHS = (
					"$(inherited)",
					"@executable_path/Frameworks",
				);
				MARKETING_VERSION = 1.0;
				PRODUCT_BUNDLE_IDENTIFIER = "Apple.ios-myinsta";
				PRODUCT_NAME = "$(TARGET_NAME)";
				SWIFT_EMIT_LOC_STRINGS = YES;
				SWIFT_VERSION = 5.0;
				TARGETED_DEVICE_FAMILY = "1,2";
			};
			name = Debug;
		};
		8976D64828DAF2C400443DD5 /* Release */ = {
			isa = XCBuildConfiguration;
			baseConfigurationReference = 09B625617F333CFE5FD65614 /* Pods-ios-myinsta.release.xcconfig */;
			buildSettings = {
				ASSETCATALOG_COMPILER_APPICON_NAME = AppIcon;
				ASSETCATALOG_COMPILER_GLOBAL_ACCENT_COLOR_NAME = AccentColor;
				CODE_SIGN_STYLE = Automatic;
				CURRENT_PROJECT_VERSION = 1;
				DEVELOPMENT_ASSET_PATHS = "\"ios-myinsta/Preview Content\"";
				DEVELOPMENT_TEAM = 9PFY368N59;
				ENABLE_PREVIEWS = YES;
				GENERATE_INFOPLIST_FILE = YES;
				INFOPLIST_FILE = "ios-myinsta/Info.plist";
				INFOPLIST_KEY_NSCalendarsUsageDescription = "Get Camera image in upload srver document";
				INFOPLIST_KEY_NSPhotoLibraryAddUsageDescription = "Get Camera image in upload srver document";
				INFOPLIST_KEY_UIApplicationSceneManifest_Generation = YES;
				INFOPLIST_KEY_UIApplicationSupportsIndirectInputEvents = YES;
				INFOPLIST_KEY_UILaunchScreen_Generation = YES;
				INFOPLIST_KEY_UISupportedInterfaceOrientations_iPad = "UIInterfaceOrientationPortrait UIInterfaceOrientationPortraitUpsideDown UIInterfaceOrientationLandscapeLeft UIInterfaceOrientationLandscapeRight";
				INFOPLIST_KEY_UISupportedInterfaceOrientations_iPhone = "UIInterfaceOrientationPortrait UIInterfaceOrientationLandscapeLeft UIInterfaceOrientationLandscapeRight";
				LD_RUNPATH_SEARCH_PATHS = (
					"$(inherited)",
					"@executable_path/Frameworks",
				);
				MARKETING_VERSION = 1.0;
				PRODUCT_BUNDLE_IDENTIFIER = "Apple.ios-myinsta";
				PRODUCT_NAME = "$(TARGET_NAME)";
				SWIFT_EMIT_LOC_STRINGS = YES;
				SWIFT_VERSION = 5.0;
				TARGETED_DEVICE_FAMILY = "1,2";
			};
			name = Release;
		};
/* End XCBuildConfiguration section */

/* Begin XCConfigurationList section */
		8976D62E28DAF2C200443DD5 /* Build configuration list for PBXProject "ios-myinsta" */ = {
			isa = XCConfigurationList;
			buildConfigurations = (
				8976D64428DAF2C400443DD5 /* Debug */,
				8976D64528DAF2C400443DD5 /* Release */,
			);
			defaultConfigurationIsVisible = 0;
			defaultConfigurationName = Release;
		};
		8976D64628DAF2C400443DD5 /* Build configuration list for PBXNativeTarget "ios-myinsta" */ = {
			isa = XCConfigurationList;
			buildConfigurations = (
				8976D64728DAF2C400443DD5 /* Debug */,
				8976D64828DAF2C400443DD5 /* Release */,
			);
			defaultConfigurationIsVisible = 0;
			defaultConfigurationName = Release;
		};
/* End XCConfigurationList section */

/* Begin XCVersionGroup section */
		8976D64128DAF2C400443DD5 /* ios_myinsta.xcdatamodeld */ = {
			isa = XCVersionGroup;
			children = (
				8976D64228DAF2C400443DD5 /* ios_myinsta.xcdatamodel */,
			);
			currentVersion = 8976D64228DAF2C400443DD5 /* ios_myinsta.xcdatamodel */;
			path = ios_myinsta.xcdatamodeld;
			sourceTree = "<group>";
			versionGroupType = wrapper.xcdatamodel;
		};
/* End XCVersionGroup section */
	};
	rootObject = 8976D62B28DAF2C200443DD5 /* Project object */;
}
